
Microsoft Visual Studio Solution File, Format Version 12.00
# Visual Studio 15
VisualStudioVersion = 15.0.27703.2000
MinimumVisualStudioVersion = 10.0.40219.1
Project("{FAE04EC0-301F-11D3-BF4B-00C04F79EFBC}") = "AdventOfCode2021", "AdventOfCode2021\AdventOfCode2021.csproj", "{B4E33C45-7605-4769-B0B8-8CDFEF5ABD22}"
EndProject
Project("{FAE04EC0-301F-11D3-BF4B-00C04F79EFBC}") = "AoCTests", "AoCTests\AoCTests.csproj", "{C9E8FA96-53DC-4AAB-B4F6-F353FA4A5991}"
EndProject
Global
	GlobalSection(SolutionConfigurationPlatforms) = preSolution
		Debug|Any CPU = Debug|Any CPU
		Release|Any CPU = Release|Any CPU
	EndGlobalSection
	GlobalSection(ProjectConfigurationPlatforms) = postSolution
		{B4E33C45-7605-4769-B0B8-8CDFEF5ABD22}.Debug|Any CPU.ActiveCfg = Debug|Any CPU
		{B4E33C45-7605-4769-B0B8-8CDFEF5ABD22}.Debug|Any CPU.Build.0 = Debug|Any CPU
		{B4E33C45-7605-4769-B0B8-8CDFEF5ABD22}.Release|Any CPU.ActiveCfg = Release|Any CPU
		{B4E33C45-7605-4769-B0B8-8CDFEF5ABD22}.Release|Any CPU.Build.0 = Release|Any CPU
		{C9E8FA96-53DC-4AAB-B4F6-F353FA4A5991}.Debug|Any CPU.ActiveCfg = Debug|Any CPU
		{C9E8FA96-53DC-4AAB-B4F6-F353FA4A5991}.Debug|Any CPU.Build.0 = Debug|Any CPU
		{C9E8FA96-53DC-4AAB-B4F6-F353FA4A5991}.Release|Any CPU.ActiveCfg = Release|Any CPU
		{C9E8FA96-53DC-4AAB-B4F6-F353FA4A5991}.Release|Any CPU.Build.0 = Release|Any CPU
	EndGlobalSection
	GlobalSection(SolutionProperties) = preSolution
		HideSolutionNode = FALSE
	EndGlobalSection
	GlobalSection(ExtensibilityGlobals) = postSolution
		SolutionGuid = {2F435104-3EB0-48B0-858D-46B4BF8D27AD}
	EndGlobalSection
EndGlobal
